# This file is generated by running "yarn install" inside your project.
# Manual changes might be lost - proceed with caution!

__metadata:
  version: 9
  cacheKey: 10c0

"@emnapi/runtime@npm:^1.7.0":
  version: 1.10.0
  resolution: "@emnapi/runtime@npm:1.10.0"
  dependencies:
    tslib: "npm:^2.4.0"
  checksum: 10c0/953f14991d1aefb92ee6f8eb27dea725e484791a53a0cb5f47d9e0087b9a2c929ff2e92adf95af15d6ad456db6300c6b761ebf72b50a875b874a83520b3ba093
  languageName: node
  linkType: hard

"@floating-ui/core@npm:^1.7.5":
  version: 1.7.5
  resolution: "@floating-ui/core@npm:1.7.5"
  dependencies:
    "@floating-ui/utils": "npm:^0.2.11"
  checksum: 10c0/f9c52205e198b231d63a387b09c659aab08c46a1899e0b0bbe147b8b4f048b546f15ba17cb5d2a471da9534f1883d979425e13e5c4ceee67be63e4b0abd4db5d
  languageName: node
  linkType: hard

"@floating-ui/dom@npm:^1.7.6":
  version: 1.7.6
  resolution: "@floating-ui/dom@npm:1.7.6"
  dependencies:
    "@floating-ui/core": "npm:^1.7.5"
    "@floating-ui/utils": "npm:^0.2.11"
  checksum: 10c0/5c098e0d7b58c9bc769f276cca1766994c2c9c70c92d091a61bba8b3e9be53c011e0a79a8457fc2fb2f3d91697a26eb52e0a4962ef936dc963b45f58613c212f
  languageName: node
  linkType: hard

"@floating-ui/react-dom@npm:^2.1.8":
  version: 2.1.8
  resolution: "@floating-ui/react-dom@npm:2.1.8"
  dependencies:
    "@floating-ui/dom": "npm:^1.7.6"
  peerDependencies:
    react: ">=16.8.0"
    react-dom: ">=16.8.0"
  checksum: 10c0/26260ca4bb23b57c73b824062505abf977a008ce6e0463bdacca74f7e49853c4cd1d2bbf1a77c6caa17fa37dfffda2c6c4cd07a8737ebd7474aaff7818401d75
  languageName: node
  linkType: hard

"@floating-ui/react@npm:^0.27.19":
  version: 0.27.19
  resolution: "@floating-ui/react@npm:0.27.19"
  dependencies:
    "@floating-ui/react-dom": "npm:^2.1.8"
    "@floating-ui/utils": "npm:^0.2.11"
    tabbable: "npm:^6.0.0"
  peerDependencies:
    react: ">=17.0.0"
    react-dom: ">=17.0.0"
  checksum: 10c0/2a2cdfd3e67e0606833b63f922ad2a9037974f22b944e1cb8c0991b4c40450f8413d69745c0bbf4646e5ba283747f60d2fdc9a8d289b68b24448e59d81a3a96d
  languageName: node
  linkType: hard

"@floating-ui/utils@npm:^0.2.11":
  version: 0.2.11
  resolution: "@floating-ui/utils@npm:0.2.11"
  checksum: 10c0/f4bcea1559bdbb721ecc8e8ead423ac58d6a5b6e70b602cf0810ba6ad4ed1c77211b207faa88b278a9042f0c743133de08a203ed6741c1b6443423332884d5b3
  languageName: node
  linkType: hard

"@img/colour@npm:^1.0.0":
  version: 1.1.0
  resolution: "@img/colour@npm:1.1.0"
  checksum: 10c0/2ebea2c0bbaee73b99badcefa04e1e71d83f36e5369337d3121dca841f4569533c4e2faddda6d62dd247f0d5cca143711f9446c59bcce81e427ba433a7a94a17
  languageName: node
  linkType: hard

"@img/sharp-darwin-arm64@npm:0.34.5":
  version: 0.34.5
  resolution: "@img/sharp-darwin-arm64@npm:0.34.5"
  dependencies:
    "@img/sharp-libvips-darwin-arm64": "npm:1.2.4"
  dependenciesMeta:
    "@img/sharp-libvips-darwin-arm64":
      optional: true
  conditions: os=darwin & cpu=arm64
  languageName: node
  linkType: hard

"@img/sharp-darwin-x64@npm:0.34.5":
  version: 0.34.5
  resolution: "@img/sharp-darwin-x64@npm:0.34.5"
  dependencies:
    "@img/sharp-libvips-darwin-x64": "npm:1.2.4"
  dependenciesMeta:
    "@img/sharp-libvips-darwin-x64":
      optional: true
  conditions: os=darwin & cpu=x64
  languageName: node
  linkType: hard

"@img/sharp-libvips-darwin-arm64@npm:1.2.4":
  version: 1.2.4
  resolution: "@img/sharp-libvips-darwin-arm64@npm:1.2.4"
  conditions: os=darwin & cpu=arm64
  languageName: node
  linkType: hard

"@img/sharp-libvips-darwin-x64@npm:1.2.4":
  version: 1.2.4
  resolution: "@img/sharp-libvips-darwin-x64@npm:1.2.4"
  conditions: os=darwin & cpu=x64
  languageName: node
  linkType: hard

"@img/sharp-libvips-linux-arm64@npm:1.2.4":
  version: 1.2.4
  resolution: "@img/sharp-libvips-linux-arm64@npm:1.2.4"
  conditions: os=linux & cpu=arm64 & libc=glibc
  languageName: node
  linkType: hard

"@img/sharp-libvips-linux-arm@npm:1.2.4":
  version: 1.2.4
  resolution: "@img/sharp-libvips-linux-arm@npm:1.2.4"
  conditions: os=linux & cpu=arm & libc=glibc
  languageName: node
  linkType: hard

"@img/sharp-libvips-linux-ppc64@npm:1.2.4":
  version: 1.2.4
  resolution: "@img/sharp-libvips-linux-ppc64@npm:1.2.4"
  conditions: os=linux & cpu=ppc64 & libc=glibc
  languageName: node
  linkType: hard

"@img/sharp-libvips-linux-riscv64@npm:1.2.4":
  version: 1.2.4
  resolution: "@img/sharp-libvips-linux-riscv64@npm:1.2.4"
  conditions: os=linux & cpu=riscv64 & libc=glibc
  languageName: node
  linkType: hard

"@img/sharp-libvips-linux-s390x@npm:1.2.4":
  version: 1.2.4
  resolution: "@img/sharp-libvips-linux-s390x@npm:1.2.4"
  conditions: os=linux & cpu=s390x & libc=glibc
  languageName: node
  linkType: hard

"@img/sharp-libvips-linux-x64@npm:1.2.4":
  version: 1.2.4
  resolution: "@img/sharp-libvips-linux-x64@npm:1.2.4"
  conditions: os=linux & cpu=x64 & libc=glibc
  languageName: node
  linkType: hard

"@img/sharp-libvips-linuxmusl-arm64@npm:1.2.4":
  version: 1.2.4
  resolution: "@img/sharp-libvips-linuxmusl-arm64@npm:1.2.4"
  conditions: os=linux & cpu=arm64 & libc=musl
  languageName: node
  linkType: hard

"@img/sharp-libvips-linuxmusl-x64@npm:1.2.4":
  version: 1.2.4
  resolution: "@img/sharp-libvips-linuxmusl-x64@npm:1.2.4"
  conditions: os=linux & cpu=x64 & libc=musl
  languageName: node
  linkType: hard

"@img/sharp-linux-arm64@npm:0.34.5":
  version: 0.34.5
  resolution: "@img/sharp-linux-arm64@npm:0.34.5"
  dependencies:
    "@img/sharp-libvips-linux-arm64": "npm:1.2.4"
  dependenciesMeta:
    "@img/sharp-libvips-linux-arm64":
      optional: true
  conditions: os=linux & cpu=arm64 & libc=glibc
  languageName: node
  linkType: hard

"@img/sharp-linux-arm@npm:0.34.5":
  version: 0.34.5
  resolution: "@img/sharp-linux-arm@npm:0.34.5"
  dependencies:
    "@img/sharp-libvips-linux-arm": "npm:1.2.4"
  dependenciesMeta:
    "@img/sharp-libvips-linux-arm":
      optional: true
  conditions: os=linux & cpu=arm & libc=glibc
  languageName: node
  linkType: hard

"@img/sharp-linux-ppc64@npm:0.34.5":
  version: 0.34.5
  resolution: "@img/sharp-linux-ppc64@npm:0.34.5"
  dependencies:
    "@img/sharp-libvips-linux-ppc64": "npm:1.2.4"
  dependenciesMeta:
    "@img/sharp-libvips-linux-ppc64":
      optional: true
  conditions: os=linux & cpu=ppc64 & libc=glibc
  languageName: node
  linkType: hard

"@img/sharp-linux-riscv64@npm:0.34.5":
  version: 0.34.5
  resolution: "@img/sharp-linux-riscv64@npm:0.34.5"
  dependencies:
    "@img/sharp-libvips-linux-riscv64": "npm:1.2.4"
  dependenciesMeta:
    "@img/sharp-libvips-linux-riscv64":
      optional: true
  conditions: os=linux & cpu=riscv64 & libc=glibc
  languageName: node
  linkType: hard

"@img/sharp-linux-s390x@npm:0.34.5":
  version: 0.34.5
  resolution: "@img/sharp-linux-s390x@npm:0.34.5"
  dependencies:
    "@img/sharp-libvips-linux-s390x": "npm:1.2.4"
  dependenciesMeta:
    "@img/sharp-libvips-linux-s390x":
      optional: true
  conditions: os=linux & cpu=s390x & libc=glibc
  languageName: node
  linkType: hard

"@img/sharp-linux-x64@npm:0.34.5":
  version: 0.34.5
  resolution: "@img/sharp-linux-x64@npm:0.34.5"
  dependencies:
    "@img/sharp-libvips-linux-x64": "npm:1.2.4"
  dependenciesMeta:
    "@img/sharp-libvips-linux-x64":
      optional: true
  conditions: os=linux & cpu=x64 & libc=glibc
  languageName: node
  linkType: hard

"@img/sharp-linuxmusl-arm64@npm:0.34.5":
  version: 0.34.5
  resolution: "@img/sharp-linuxmusl-arm64@npm:0.34.5"
  dependencies:
    "@img/sharp-libvips-linuxmusl-arm64": "npm:1.2.4"
  dependenciesMeta:
    "@img/sharp-libvips-linuxmusl-arm64":
      optional: true
  conditions: os=linux & cpu=arm64 & libc=musl
  languageName: node
  linkType: hard

"@img/sharp-linuxmusl-x64@npm:0.34.5":
  version: 0.34.5
  resolution: "@img/sharp-linuxmusl-x64@npm:0.34.5"
  dependencies:
    "@img/sharp-libvips-linuxmusl-x64": "npm:1.2.4"
  dependenciesMeta:
    "@img/sharp-libvips-linuxmusl-x64":
      optional: true
  conditions: os=linux & cpu=x64 & libc=musl
  languageName: node
  linkType: hard

"@img/sharp-wasm32@npm:0.34.5":
  version: 0.34.5
  resolution: "@img/sharp-wasm32@npm:0.34.5"
  dependencies:
    "@emnapi/runtime": "npm:^1.7.0"
  conditions: cpu=wasm32
  languageName: node
  linkType: hard

"@img/sharp-win32-arm64@npm:0.34.5":
  version: 0.34.5
  resolution: "@img/sharp-win32-arm64@npm:0.34.5"
  conditions: os=win32 & cpu=arm64
  languageName: node
  linkType: hard

"@img/sharp-win32-ia32@npm:0.34.5":
  version: 0.34.5
  resolution: "@img/sharp-win32-ia32@npm:0.34.5"
  conditions: os=win32 & cpu=ia32
  languageName: node
  linkType: hard

"@img/sharp-win32-x64@npm:0.34.5":
  version: 0.34.5
  resolution: "@img/sharp-win32-x64@npm:0.34.5"
  conditions: os=win32 & cpu=x64
  languageName: node
  linkType: hard

"@mantine/core@npm:9.1.1":
  version: 9.1.1
  resolution: "@mantine/core@npm:9.1.1"
  dependencies:
    "@floating-ui/react": "npm:^0.27.19"
    clsx: "npm:^2.1.1"
    react-number-format: "npm:^5.4.5"
    react-remove-scroll: "npm:^2.7.2"
    type-fest: "npm:^5.6.0"
  peerDependencies:
    "@mantine/hooks": 9.1.1
    react: ^19.2.0
    react-dom: ^19.2.0
  checksum: 10c0/2023bd79d69a3c1e3871a0668f1f7041b7f31c53cf388fb12cf749b8e5f9ba14bcd5b5245bab900f6120149444039c2fa70a018b17cff168af4552d64d1eace4
  languageName: node
  linkType: hard

"@mantine/hooks@npm:9.1.1":
  version: 9.1.1
  resolution: "@mantine/hooks@npm:9.1.1"
  peerDependencies:
    react: ^19.2.0
  checksum: 10c0/63189c4e2c67f296822dc6e844152cf2521878ba7aed1b6a99b4c34662b2f97f4f43d46a84772a38e5fbbf478c42ac76066bcde2089b71d9051eee734f44b4c1
  languageName: node
  linkType: hard

"@next/env@npm:16.2.2":
  version: 16.2.2
  resolution: "@next/env@npm:16.2.2"
  checksum: 10c0/6587718aa8596dc3a23c6fcffa57be59612e3cb1340f31c4b5ad868f3a7dea4bab5c1f8ad83567983b4fae72af1503c104999547b15f0f82104b70efceabee7a
  languageName: node
  linkType: hard

"@next/swc-darwin-arm64@npm:16.2.2":
  version: 16.2.2
  resolution: "@next/swc-darwin-arm64@npm:16.2.2"
  conditions: os=darwin & cpu=arm64
  languageName: node
  linkType: hard

"@next/swc-darwin-x64@npm:16.2.2":
  version: 16.2.2
  resolution: "@next/swc-darwin-x64@npm:16.2.2"
  conditions: os=darwin & cpu=x64
  languageName: node
  linkType: hard

"@next/swc-linux-arm64-gnu@npm:16.2.2":
  version: 16.2.2
  resolution: "@next/swc-linux-arm64-gnu@npm:16.2.2"
  conditions: os=linux & cpu=arm64 & libc=glibc
  languageName: node
  linkType: hard

"@next/swc-linux-arm64-musl@npm:16.2.2":
  version: 16.2.2
  resolution: "@next/swc-linux-arm64-musl@npm:16.2.2"
  conditions: os=linux & cpu=arm64 & libc=musl
  languageName: node
  linkType: hard

"@next/swc-linux-x64-gnu@npm:16.2.2":
  version: 16.2.2
  resolution: "@next/swc-linux-x64-gnu@npm:16.2.2"
  conditions: os=linux & cpu=x64 & libc=glibc
  languageName: node
  linkType: hard

"@next/swc-linux-x64-musl@npm:16.2.2":
  version: 16.2.2
  resolution: "@next/swc-linux-x64-musl@npm:16.2.2"
  conditions: os=linux & cpu=x64 & libc=musl
  languageName: node
  linkType: hard

"@next/swc-win32-arm64-msvc@npm:16.2.2":
  version: 16.2.2
  resolution: "@next/swc-win32-arm64-msvc@npm:16.2.2"
  conditions: os=win32 & cpu=arm64
  languageName: node
  linkType: hard

"@next/swc-win32-x64-msvc@npm:16.2.2":
  version: 16.2.2
  resolution: "@next/swc-win32-x64-msvc@npm:16.2.2"
  conditions: os=win32 & cpu=x64
  languageName: node
  linkType: hard

"@oxlint/binding-android-arm-eabi@npm:1.58.0":
  version: 1.58.0
  resolution: "@oxlint/binding-android-arm-eabi@npm:1.58.0"
  conditions: os=android & cpu=arm
  languageName: node
  linkType: hard

"@oxlint/binding-android-arm64@npm:1.58.0":
  version: 1.58.0
  resolution: "@oxlint/binding-android-arm64@npm:1.58.0"
  conditions: os=android & cpu=arm64
  languageName: node
  linkType: hard

"@oxlint/binding-darwin-arm64@npm:1.58.0":
  version: 1.58.0
  resolution: "@oxlint/binding-darwin-arm64@npm:1.58.0"
  conditions: os=darwin & cpu=arm64
  languageName: node
  linkType: hard

"@oxlint/binding-darwin-x64@npm:1.58.0":
  version: 1.58.0
  resolution: "@oxlint/binding-darwin-x64@npm:1.58.0"
  conditions: os=darwin & cpu=x64
  languageName: node
  linkType: hard

"@oxlint/binding-freebsd-x64@npm:1.58.0":
  version: 1.58.0
  resolution: "@oxlint/binding-freebsd-x64@npm:1.58.0"
  conditions: os=freebsd & cpu=x64
  languageName: node
  linkType: hard

"@oxlint/binding-linux-arm-gnueabihf@npm:1.58.0":
  version: 1.58.0
  resolution: "@oxlint/binding-linux-arm-gnueabihf@npm:1.58.0"
  conditions: os=linux & cpu=arm
  languageName: node
  linkType: hard

"@oxlint/binding-linux-arm-musleabihf@npm:1.58.0":
  version: 1.58.0
  resolution: "@oxlint/binding-linux-arm-musleabihf@npm:1.58.0"
  conditions: os=linux & cpu=arm
  languageName: node
  linkType: hard

"@oxlint/binding-linux-arm64-gnu@npm:1.58.0":
  version: 1.58.0
  resolution: "@oxlint/binding-linux-arm64-gnu@npm:1.58.0"
  conditions: os=linux & cpu=arm64 & libc=glibc
  languageName: node
  linkType: hard

"@oxlint/binding-linux-arm64-musl@npm:1.58.0":
  version: 1.58.0
  resolution: "@oxlint/binding-linux-arm64-musl@npm:1.58.0"
  conditions: os=linux & cpu=arm64 & libc=musl
  languageName: node
  linkType: hard

"@oxlint/binding-linux-ppc64-gnu@npm:1.58.0":
  version: 1.58.0
  resolution: "@oxlint/binding-linux-ppc64-gnu@npm:1.58.0"
  conditions: os=linux & cpu=ppc64 & libc=glibc
  languageName: node
  linkType: hard

"@oxlint/binding-linux-riscv64-gnu@npm:1.58.0":
  version: 1.58.0
  resolution: "@oxlint/binding-linux-riscv64-gnu@npm:1.58.0"
  conditions: os=linux & cpu=riscv64 & libc=glibc
  languageName: node
  linkType: hard

"@oxlint/binding-linux-riscv64-musl@npm:1.58.0":
  version: 1.58.0
  resolution: "@oxlint/binding-linux-riscv64-musl@npm:1.58.0"
  conditions: os=linux & cpu=riscv64 & libc=musl
  languageName: node
  linkType: hard

"@oxlint/binding-linux-s390x-gnu@npm:1.58.0":
  version: 1.58.0
  resolution: "@oxlint/binding-linux-s390x-gnu@npm:1.58.0"
  conditions: os=linux & cpu=s390x & libc=glibc
  languageName: node
  linkType: hard

"@oxlint/binding-linux-x64-gnu@npm:1.58.0":
  version: 1.58.0
  resolution: "@oxlint/binding-linux-x64-gnu@npm:1.58.0"
  conditions: os=linux & cpu=x64 & libc=glibc
  languageName: node
  linkType: hard

"@oxlint/binding-linux-x64-musl@npm:1.58.0":
  version: 1.58.0
  resolution: "@oxlint/binding-linux-x64-musl@npm:1.58.0"
  conditions: os=linux & cpu=x64 & libc=musl
  languageName: node
  linkType: hard

"@oxlint/binding-openharmony-arm64@npm:1.58.0":
  version: 1.58.0
  resolution: "@oxlint/binding-openharmony-arm64@npm:1.58.0"
  conditions: os=openharmony & cpu=arm64
  languageName: node
  linkType: hard

"@oxlint/binding-win32-arm64-msvc@npm:1.58.0":
  version: 1.58.0
  resolution: "@oxlint/binding-win32-arm64-msvc@npm:1.58.0"
  conditions: os=win32 & cpu=arm64
  languageName: node
  linkType: hard

"@oxlint/binding-win32-ia32-msvc@npm:1.58.0":
  version: 1.58.0
  resolution: "@oxlint/binding-win32-ia32-msvc@npm:1.58.0"
  conditions: os=win32 & cpu=ia32
  languageName: node
  linkType: hard

"@oxlint/binding-win32-x64-msvc@npm:1.58.0":
  version: 1.58.0
  resolution: "@oxlint/binding-win32-x64-msvc@npm:1.58.0"
  conditions: os=win32 & cpu=x64
  languageName: node
  linkType: hard

"@swc/helpers@npm:0.5.15":
  version: 0.5.15
  resolution: "@swc/helpers@npm:0.5.15"
  dependencies:
    tslib: "npm:^2.8.0"
  checksum: 10c0/33002f74f6f885f04c132960835fdfc474186983ea567606db62e86acd0680ca82f34647e8e610f4e1e422d1c16fce729dde22cd3b797ab1fd9061a825dabca4
  languageName: node
  linkType: hard

"@types/node@npm:24.3.3":
  version: 24.3.3
  resolution: "@types/node@npm:24.3.3"
  dependencies:
    undici-types: "npm:~7.10.0"
  checksum: 10c0/5324108314b3d9abaafd82ea04a91ea6904580c1fbe47c52600881ae250fef3b2d3d28c7d68cb979b07241d29fe889b66bd9f92346902bea65a3e562937c7d9a
  languageName: node
  linkType: hard

"@types/react-dom@npm:^19.2.1":
  version: 19.2.3
  resolution: "@types/react-dom@npm:19.2.3"
  peerDependencies:
    "@types/react": ^19.2.0
  checksum: 10c0/b486ebe0f4e2fb35e2e108df1d8fc0927ca5d6002d5771e8a739de11239fe62d0e207c50886185253c99eb9dedfeeb956ea7429e5ba17f6693c7acb4c02f8cd1
  languageName: node
  linkType: hard

"@types/react@npm:19.2.14":
  version: 19.2.14
  resolution: "@types/react@npm:19.2.14"
  dependencies:
    csstype: "npm:^3.2.2"
  checksum: 10c0/7d25bf41b57719452d86d2ac0570b659210402707313a36ee612666bf11275a1c69824f8c3ee1fdca077ccfe15452f6da8f1224529b917050eb2d861e52b59b7
  languageName: node
  linkType: hard

"baseline-browser-mapping@npm:^2.9.19":
  version: 2.10.20
  resolution: "baseline-browser-mapping@npm:2.10.20"
  bin:
    baseline-browser-mapping: dist/cli.cjs
  checksum: 10c0/3d60c9656c4c4673593aa8d0ae9aa6b69b4e018c2f585874a0e8a40cb28d0559f57ee1b2e7e44cb1e7f6aac66f658a4a3c1285901b8836d8ae31e189e30aa816
  languageName: node
  linkType: hard

"camelcase-css@npm:^2.0.1":
  version: 2.0.1
  resolution: "camelcase-css@npm:2.0.1"
  checksum: 10c0/1a1a3137e8a781e6cbeaeab75634c60ffd8e27850de410c162cce222ea331cd1ba5364e8fb21c95e5ca76f52ac34b81a090925ca00a87221355746d049c6e273
  languageName: node
  linkType: hard

"caniuse-lite@npm:^1.0.30001579":
  version: 1.0.30001597
  resolution: "caniuse-lite@npm:1.0.30001597"
  checksum: 10c0/32dc315ffafacc8167286c95b05f41b3ce2818314ea913ffed6ceb7b58c64c38365ec250114d1ecceac34f1c77e5af089479e54b160c4a89b88fd25a98851b78
  languageName: node
  linkType: hard

"client-only@npm:0.0.1":
  version: 0.0.1
  resolution: "client-only@npm:0.0.1"
  checksum: 10c0/9d6cfd0c19e1c96a434605added99dff48482152af791ec4172fb912a71cff9027ff174efd8cdb2160cc7f377543e0537ffc462d4f279bc4701de3f2a3c4b358
  languageName: node
  linkType: hard

"clsx@npm:^2.1.1":
  version: 2.1.1
  resolution: "clsx@npm:2.1.1"
  checksum: 10c0/c4c8eb865f8c82baab07e71bfa8897c73454881c4f99d6bc81585aecd7c441746c1399d08363dc096c550cceaf97bd4ce1e8854e1771e9998d9f94c4fe075839
  languageName: node
  linkType: hard

"cssesc@npm:^3.0.0":
  version: 3.0.0
  resolution: "cssesc@npm:3.0.0"
  bin:
    cssesc: bin/cssesc
  checksum: 10c0/6bcfd898662671be15ae7827120472c5667afb3d7429f1f917737f3bf84c4176003228131b643ae74543f17a394446247df090c597bb9a728cce298606ed0aa7
  languageName: node
  linkType: hard

"csstype@npm:^3.2.2":
  version: 3.2.3
  resolution: "csstype@npm:3.2.3"
  checksum: 10c0/cd29c51e70fa822f1cecd8641a1445bed7063697469d35633b516e60fe8c1bde04b08f6c5b6022136bb669b64c63d4173af54864510fbb4ee23281801841a3ce
  languageName: node
  linkType: hard

"detect-libc@npm:^2.1.2":
  version: 2.1.2
  resolution: "detect-libc@npm:2.1.2"
  checksum: 10c0/acc675c29a5649fa1fb6e255f993b8ee829e510b6b56b0910666949c80c364738833417d0edb5f90e4e46be17228b0f2b66a010513984e18b15deeeac49369c4
  languageName: node
  linkType: hard

"detect-node-es@npm:^1.1.0":
  version: 1.1.0
  resolution: "detect-node-es@npm:1.1.0"
  checksum: 10c0/e562f00de23f10c27d7119e1af0e7388407eb4b06596a25f6d79a360094a109ff285de317f02b090faae093d314cf6e73ac3214f8a5bb3a0def5bece94557fbe
  languageName: node
  linkType: hard

"fdir@npm:^6.5.0":
  version: 6.5.0
  resolution: "fdir@npm:6.5.0"
  peerDependencies:
    picomatch: ^3 || ^4
  peerDependenciesMeta:
    picomatch:
      optional: true
  checksum: 10c0/e345083c4306b3aed6cb8ec551e26c36bab5c511e99ea4576a16750ddc8d3240e63826cc624f5ae17ad4dc82e68a253213b60d556c11bfad064b7607847ed07f
  languageName: node
  linkType: hard

"get-nonce@npm:^1.0.0":
  version: 1.0.1
  resolution: "get-nonce@npm:1.0.1"
  checksum: 10c0/2d7df55279060bf0568549e1ffc9b84bc32a32b7541675ca092dce56317cdd1a59a98dcc4072c9f6a980779440139a3221d7486f52c488e69dc0fd27b1efb162
  languageName: node
  linkType: hard

"mantine-minimal-next-template@workspace:.":
  version: 0.0.0-use.local
  resolution: "mantine-minimal-next-template@workspace:."
  dependencies:
    "@mantine/core": "npm:9.1.1"
    "@mantine/hooks": "npm:9.1.1"
    "@types/node": "npm:24.3.3"
    "@types/react": "npm:19.2.14"
    "@types/react-dom": "npm:^19.2.1"
    next: "npm:16.2.2"
    oxlint: "npm:^1.58.0"
    postcss: "npm:^8.5.6"
    postcss-preset-mantine: "npm:1.18.0"
    postcss-simple-vars: "npm:^7.0.1"
    react: "npm:19.2.4"
    react-dom: "npm:19.2.4"
    typescript: "npm:6.0.2"
  languageName: unknown
  linkType: soft

"nanoid@npm:^3.3.11":
  version: 3.3.11
  resolution: "nanoid@npm:3.3.11"
  bin:
    nanoid: bin/nanoid.cjs
  checksum: 10c0/40e7f70b3d15f725ca072dfc4f74e81fcf1fbb02e491cf58ac0c79093adc9b0a73b152bcde57df4b79cd097e13023d7504acb38404a4da7bc1cd8e887b82fe0b
  languageName: node
  linkType: hard

"nanoid@npm:^3.3.6":
  version: 3.3.6
  resolution: "nanoid@npm:3.3.6"
  bin:
    nanoid: bin/nanoid.cjs
  checksum: 10c0/606b355960d0fcbe3d27924c4c52ef7d47d3b57208808ece73279420d91469b01ec1dce10fae512b6d4a8c5a5432b352b228336a8b2202a6ea68e67fa348e2ee
  languageName: node
  linkType: hard

"next@npm:16.2.2":
  version: 16.2.2
  resolution: "next@npm:16.2.2"
  dependencies:
    "@next/env": "npm:16.2.2"
    "@next/swc-darwin-arm64": "npm:16.2.2"
    "@next/swc-darwin-x64": "npm:16.2.2"
    "@next/swc-linux-arm64-gnu": "npm:16.2.2"
    "@next/swc-linux-arm64-musl": "npm:16.2.2"
    "@next/swc-linux-x64-gnu": "npm:16.2.2"
    "@next/swc-linux-x64-musl": "npm:16.2.2"
    "@next/swc-win32-arm64-msvc": "npm:16.2.2"
    "@next/swc-win32-x64-msvc": "npm:16.2.2"
    "@swc/helpers": "npm:0.5.15"
    baseline-browser-mapping: "npm:^2.9.19"
    caniuse-lite: "npm:^1.0.30001579"
    postcss: "npm:8.4.31"
    sharp: "npm:^0.34.5"
    styled-jsx: "npm:5.1.6"
  peerDependencies:
    "@opentelemetry/api": ^1.1.0
    "@playwright/test": ^1.51.1
    babel-plugin-react-compiler: "*"
    react: ^18.2.0 || 19.0.0-rc-de68d2f4-20241204 || ^19.0.0
    react-dom: ^18.2.0 || 19.0.0-rc-de68d2f4-20241204 || ^19.0.0
    sass: ^1.3.0
  dependenciesMeta:
    "@next/swc-darwin-arm64":
      optional: true
    "@next/swc-darwin-x64":
      optional: true
    "@next/swc-linux-arm64-gnu":
      optional: true
    "@next/swc-linux-arm64-musl":
      optional: true
    "@next/swc-linux-x64-gnu":
      optional: true
    "@next/swc-linux-x64-musl":
      optional: true
    "@next/swc-win32-arm64-msvc":
      optional: true
    "@next/swc-win32-x64-msvc":
      optional: true
    sharp:
      optional: true
  peerDependenciesMeta:
    "@opentelemetry/api":
      optional: true
    "@playwright/test":
      optional: true
    babel-plugin-react-compiler:
      optional: true
    sass:
      optional: true
  bin:
    next: dist/bin/next
  checksum: 10c0/e52691071d6166ae00c8725738fd089aea764b6c07de438d22dffdad2e88ef4bb31bcc8c5687c36cf2640cda9660014cbac39178cec8ff62d20c214e88941bf7
  languageName: node
  linkType: hard

"oxlint@npm:^1.58.0":
  version: 1.58.0
  resolution: "oxlint@npm:1.58.0"
  dependencies:
    "@oxlint/binding-android-arm-eabi": "npm:1.58.0"
    "@oxlint/binding-android-arm64": "npm:1.58.0"
    "@oxlint/binding-darwin-arm64": "npm:1.58.0"
    "@oxlint/binding-darwin-x64": "npm:1.58.0"
    "@oxlint/binding-freebsd-x64": "npm:1.58.0"
    "@oxlint/binding-linux-arm-gnueabihf": "npm:1.58.0"
    "@oxlint/binding-linux-arm-musleabihf": "npm:1.58.0"
    "@oxlint/binding-linux-arm64-gnu": "npm:1.58.0"
    "@oxlint/binding-linux-arm64-musl": "npm:1.58.0"
    "@oxlint/binding-linux-ppc64-gnu": "npm:1.58.0"
    "@oxlint/binding-linux-riscv64-gnu": "npm:1.58.0"
    "@oxlint/binding-linux-riscv64-musl": "npm:1.58.0"
    "@oxlint/binding-linux-s390x-gnu": "npm:1.58.0"
    "@oxlint/binding-linux-x64-gnu": "npm:1.58.0"
    "@oxlint/binding-linux-x64-musl": "npm:1.58.0"
    "@oxlint/binding-openharmony-arm64": "npm:1.58.0"
    "@oxlint/binding-win32-arm64-msvc": "npm:1.58.0"
    "@oxlint/binding-win32-ia32-msvc": "npm:1.58.0"
    "@oxlint/binding-win32-x64-msvc": "npm:1.58.0"
  peerDependencies:
    oxlint-tsgolint: ">=0.18.0"
  dependenciesMeta:
    "@oxlint/binding-android-arm-eabi":
      optional: true
    "@oxlint/binding-android-arm64":
      optional: true
    "@oxlint/binding-darwin-arm64":
      optional: true
    "@oxlint/binding-darwin-x64":
      optional: true
    "@oxlint/binding-freebsd-x64":
      optional: true
    "@oxlint/binding-linux-arm-gnueabihf":
      optional: true
    "@oxlint/binding-linux-arm-musleabihf":
      optional: true
    "@oxlint/binding-linux-arm64-gnu":
      optional: true
    "@oxlint/binding-linux-arm64-musl":
      optional: true
    "@oxlint/binding-linux-ppc64-gnu":
      optional: true
    "@oxlint/binding-linux-riscv64-gnu":
      optional: true
    "@oxlint/binding-linux-riscv64-musl":
      optional: true
    "@oxlint/binding-linux-s390x-gnu":
      optional: true
    "@oxlint/binding-linux-x64-gnu":
      optional: true
    "@oxlint/binding-linux-x64-musl":
      optional: true
    "@oxlint/binding-openharmony-arm64":
      optional: true
    "@oxlint/binding-win32-arm64-msvc":
      optional: true
    "@oxlint/binding-win32-ia32-msvc":
      optional: true
    "@oxlint/binding-win32-x64-msvc":
      optional: true
  peerDependenciesMeta:
    oxlint-tsgolint:
      optional: true
  bin:
    oxlint: bin/oxlint
  checksum: 10c0/b766362cf700b842077f7a4873b971c8f31dd05f103c28e0c0a07141a24fca2e03a79b43570006010629c20b96d214fadfb81bb0297307e72250af3504a7e59f
  languageName: node
  linkType: hard

"picocolors@npm:^1.0.0":
  version: 1.0.0
  resolution: "picocolors@npm:1.0.0"
  checksum: 10c0/20a5b249e331c14479d94ec6817a182fd7a5680debae82705747b2db7ec50009a5f6648d0621c561b0572703f84dbef0858abcbd5856d3c5511426afcb1961f7
  languageName: node
  linkType: hard

"picocolors@npm:^1.1.1":
  version: 1.1.1
  resolution: "picocolors@npm:1.1.1"
  checksum: 10c0/e2e3e8170ab9d7c7421969adaa7e1b31434f789afb9b3f115f6b96d91945041ac3ceb02e9ec6fe6510ff036bcc0bf91e69a1772edc0b707e12b19c0f2d6bcf58
  languageName: node
  linkType: hard

"picomatch@npm:^4.0.3":
  version: 4.0.3
  resolution: "picomatch@npm:4.0.3"
  checksum: 10c0/9582c951e95eebee5434f59e426cddd228a7b97a0161a375aed4be244bd3fe8e3a31b846808ea14ef2c8a2527a6eeab7b3946a67d5979e81694654f939473ae2
  languageName: node
  linkType: hard

"postcss-js@npm:^4.0.1":
  version: 4.0.1
  resolution: "postcss-js@npm:4.0.1"
  dependencies:
    camelcase-css: "npm:^2.0.1"
  peerDependencies:
    postcss: ^8.4.21
  checksum: 10c0/af35d55cb873b0797d3b42529514f5318f447b134541844285c9ac31a17497297eb72296902967911bb737a75163441695737300ce2794e3bd8c70c13a3b106e
  languageName: node
  linkType: hard

"postcss-mixins@npm:^12.0.0":
  version: 12.1.2
  resolution: "postcss-mixins@npm:12.1.2"
  dependencies:
    postcss-js: "npm:^4.0.1"
    postcss-simple-vars: "npm:^7.0.1"
    sugarss: "npm:^5.0.0"
    tinyglobby: "npm:^0.2.14"
  peerDependencies:
    postcss: ^8.2.14
  checksum: 10c0/cbd33a40545ebcaa08acc9126a6cbffc48db968ea5a555c397b3c5b30e0f805fb2de3381556b36efe3dc9eb935d51c6056b86d6367fb6204f6c1ae492017524d
  languageName: node
  linkType: hard

"postcss-nested@npm:^7.0.2":
  version: 7.0.2
  resolution: "postcss-nested@npm:7.0.2"
  dependencies:
    postcss-selector-parser: "npm:^7.0.0"
  peerDependencies:
    postcss: ^8.2.14
  checksum: 10c0/b467f328c89c5b0dcd1b569ae083f6163235c0cac09494a0b284eef5275fa1386bbc26c66c85adf194cef0a65d315994140724a34539a096e5acd39d9c753338
  languageName: node
  linkType: hard

"postcss-preset-mantine@npm:1.18.0":
  version: 1.18.0
  resolution: "postcss-preset-mantine@npm:1.18.0"
  dependencies:
    postcss-mixins: "npm:^12.0.0"
    postcss-nested: "npm:^7.0.2"
  peerDependencies:
    postcss: ">=8.0.0"
  checksum: 10c0/11308684261220a88f8607c10846777b7f83a8b44d6e787ed803a5ee4ceabbc447ffbaaccd34da8da650907d502c0703b8245cecf42b2714def1e8991dcec81d
  languageName: node
  linkType: hard

"postcss-selector-parser@npm:^7.0.0":
  version: 7.1.0
  resolution: "postcss-selector-parser@npm:7.1.0"
  dependencies:
    cssesc: "npm:^3.0.0"
    util-deprecate: "npm:^1.0.2"
  checksum: 10c0/0fef257cfd1c0fe93c18a3f8a6e739b4438b527054fd77e9a62730a89b2d0ded1b59314a7e4aaa55bc256204f40830fecd2eb50f20f8cb7ab3a10b52aa06c8aa
  languageName: node
  linkType: hard

"postcss-simple-vars@npm:^7.0.1":
  version: 7.0.1
  resolution: "postcss-simple-vars@npm:7.0.1"
  peerDependencies:
    postcss: ^8.2.1
  checksum: 10c0/b59c750b2f406a18b133184144b5ffefbd21a2179c5bf5d54651269c0b6bb0110c2bbed33a9161d8b93f8a11cf7725da0a65653e7c2786c8a59f937591115a33
  languageName: node
  linkType: hard

"postcss@npm:8.4.31":
  version: 8.4.31
  resolution: "postcss@npm:8.4.31"
  dependencies:
    nanoid: "npm:^3.3.6"
    picocolors: "npm:^1.0.0"
    source-map-js: "npm:^1.0.2"
  checksum: 10c0/748b82e6e5fc34034dcf2ae88ea3d11fd09f69b6c50ecdd3b4a875cfc7cdca435c958b211e2cb52355422ab6fccb7d8f2f2923161d7a1b281029e4a913d59acf
  languageName: node
  linkType: hard

"postcss@npm:^8.5.6":
  version: 8.5.6
  resolution: "postcss@npm:8.5.6"
  dependencies:
    nanoid: "npm:^3.3.11"
    picocolors: "npm:^1.1.1"
    source-map-js: "npm:^1.2.1"
  checksum: 10c0/5127cc7c91ed7a133a1b7318012d8bfa112da9ef092dddf369ae699a1f10ebbd89b1b9f25f3228795b84585c72aabd5ced5fc11f2ba467eedf7b081a66fad024
  languageName: node
  linkType: hard

"react-dom@npm:19.2.4":
  version: 19.2.4
  resolution: "react-dom@npm:19.2.4"
  dependencies:
    scheduler: "npm:^0.27.0"
  peerDependencies:
    react: ^19.2.4
  checksum: 10c0/f0c63f1794dedb154136d4d0f59af00b41907f4859571c155940296808f4b94bf9c0c20633db75b5b2112ec13d8d7dd4f9bf57362ed48782f317b11d05a44f35
  languageName: node
  linkType: hard

"react-number-format@npm:^5.4.5":
  version: 5.4.5
  resolution: "react-number-format@npm:5.4.5"
  peerDependencies:
    react: ^0.14 || ^15.0.0 || ^16.0.0 || ^17.0.0 || ^18.0.0 || ^19.0.0
    react-dom: ^0.14 || ^15.0.0 || ^16.0.0 || ^17.0.0 || ^18.0.0 || ^19.0.0
  checksum: 10c0/bc5570a48542622f6c9068be616e87cc5280a67bb7f5a8ae13fe7a67e42f6ec12c244453b967b76737d775704ef792183bd8a47b23c225535342eccb7b1fcbb0
  languageName: node
  linkType: hard

"react-remove-scroll-bar@npm:^2.3.7":
  version: 2.3.8
  resolution: "react-remove-scroll-bar@npm:2.3.8"
  dependencies:
    react-style-singleton: "npm:^2.2.2"
    tslib: "npm:^2.0.0"
  peerDependencies:
    "@types/react": "*"
    react: ^16.8.0 || ^17.0.0 || ^18.0.0 || ^19.0.0
  peerDependenciesMeta:
    "@types/react":
      optional: true
  checksum: 10c0/9a0675c66cbb52c325bdbfaed80987a829c4504cefd8ff2dd3b6b3afc9a1500b8ec57b212e92c1fb654396d07bbe18830a8146fe77677d2a29ce40b5e1f78654
  languageName: node
  linkType: hard

"react-remove-scroll@npm:^2.7.2":
  version: 2.7.2
  resolution: "react-remove-scroll@npm:2.7.2"
  dependencies:
    react-remove-scroll-bar: "npm:^2.3.7"
    react-style-singleton: "npm:^2.2.3"
    tslib: "npm:^2.1.0"
    use-callback-ref: "npm:^1.3.3"
    use-sidecar: "npm:^1.1.3"
  peerDependencies:
    "@types/react": "*"
    react: ^16.8.0 || ^17.0.0 || ^18.0.0 || ^19.0.0 || ^19.0.0-rc
  peerDependenciesMeta:
    "@types/react":
      optional: true
  checksum: 10c0/b5f3315bead75e72853f492c0b51ba8fb4fa09a4534d7fc42d6fcd59ca3e047cf213279ffc1e35b337e314ef5a04cb2b12544c85e0078802271731c27c09e5aa
  languageName: node
  linkType: hard

"react-style-singleton@npm:^2.2.2, react-style-singleton@npm:^2.2.3":
  version: 2.2.3
  resolution: "react-style-singleton@npm:2.2.3"
  dependencies:
    get-nonce: "npm:^1.0.0"
    tslib: "npm:^2.0.0"
  peerDependencies:
    "@types/react": "*"
    react: ^16.8.0 || ^17.0.0 || ^18.0.0 || ^19.0.0 || ^19.0.0-rc
  peerDependenciesMeta:
    "@types/react":
      optional: true
  checksum: 10c0/841938ff16d16a6b76895f4cb2e1fea957e5fe3b30febbf03a54892dae1c9153f2383e231dea0b3ba41192ad2f2849448fa859caccd288943bce32639e971bee
  languageName: node
  linkType: hard

"react@npm:19.2.4":
  version: 19.2.4
  resolution: "react@npm:19.2.4"
  checksum: 10c0/cd2c9ff67a720799cc3b38a516009986f7fc4cb8d3e15716c6211cf098d1357ee3e348ab05ad0600042bbb0fd888530ba92e329198c92eafa0994f5213396596
  languageName: node
  linkType: hard

"scheduler@npm:^0.27.0":
  version: 0.27.0
  resolution: "scheduler@npm:0.27.0"
  checksum: 10c0/4f03048cb05a3c8fddc45813052251eca00688f413a3cee236d984a161da28db28ba71bd11e7a3dd02f7af84ab28d39fb311431d3b3772fed557945beb00c452
  languageName: node
  linkType: hard

"semver@npm:^7.7.3":
  version: 7.7.4
  resolution: "semver@npm:7.7.4"
  bin:
    semver: bin/semver.js
  checksum: 10c0/5215ad0234e2845d4ea5bb9d836d42b03499546ddafb12075566899fc617f68794bb6f146076b6881d755de17d6c6cc73372555879ec7dce2c2feee947866ad2
  languageName: node
  linkType: hard

"sharp@npm:^0.34.5":
  version: 0.34.5
  resolution: "sharp@npm:0.34.5"
  dependencies:
    "@img/colour": "npm:^1.0.0"
    "@img/sharp-darwin-arm64": "npm:0.34.5"
    "@img/sharp-darwin-x64": "npm:0.34.5"
    "@img/sharp-libvips-darwin-arm64": "npm:1.2.4"
    "@img/sharp-libvips-darwin-x64": "npm:1.2.4"
    "@img/sharp-libvips-linux-arm": "npm:1.2.4"
    "@img/sharp-libvips-linux-arm64": "npm:1.2.4"
    "@img/sharp-libvips-linux-ppc64": "npm:1.2.4"
    "@img/sharp-libvips-linux-riscv64": "npm:1.2.4"
    "@img/sharp-libvips-linux-s390x": "npm:1.2.4"
    "@img/sharp-libvips-linux-x64": "npm:1.2.4"
    "@img/sharp-libvips-linuxmusl-arm64": "npm:1.2.4"
    "@img/sharp-libvips-linuxmusl-x64": "npm:1.2.4"
    "@img/sharp-linux-arm": "npm:0.34.5"
    "@img/sharp-linux-arm64": "npm:0.34.5"
    "@img/sharp-linux-ppc64": "npm:0.34.5"
    "@img/sharp-linux-riscv64": "npm:0.34.5"
    "@img/sharp-linux-s390x": "npm:0.34.5"
    "@img/sharp-linux-x64": "npm:0.34.5"
    "@img/sharp-linuxmusl-arm64": "npm:0.34.5"
    "@img/sharp-linuxmusl-x64": "npm:0.34.5"
    "@img/sharp-wasm32": "npm:0.34.5"
    "@img/sharp-win32-arm64": "npm:0.34.5"
    "@img/sharp-win32-ia32": "npm:0.34.5"
    "@img/sharp-win32-x64": "npm:0.34.5"
    detect-libc: "npm:^2.1.2"
    semver: "npm:^7.7.3"
  dependenciesMeta:
    "@img/sharp-darwin-arm64":
      optional: true
    "@img/sharp-darwin-x64":
      optional: true
    "@img/sharp-libvips-darwin-arm64":
      optional: true
    "@img/sharp-libvips-darwin-x64":
      optional: true
    "@img/sharp-libvips-linux-arm":
      optional: true
    "@img/sharp-libvips-linux-arm64":
      optional: true
    "@img/sharp-libvips-linux-ppc64":
      optional: true
    "@img/sharp-libvips-linux-riscv64":
      optional: true
    "@img/sharp-libvips-linux-s390x":
      optional: true
    "@img/sharp-libvips-linux-x64":
      optional: true
    "@img/sharp-libvips-linuxmusl-arm64":
      optional: true
    "@img/sharp-libvips-linuxmusl-x64":
      optional: true
    "@img/sharp-linux-arm":
      optional: true
    "@img/sharp-linux-arm64":
      optional: true
    "@img/sharp-linux-ppc64":
      optional: true
    "@img/sharp-linux-riscv64":
      optional: true
    "@img/sharp-linux-s390x":
      optional: true
    "@img/sharp-linux-x64":
      optional: true
    "@img/sharp-linuxmusl-arm64":
      optional: true
    "@img/sharp-linuxmusl-x64":
      optional: true
    "@img/sharp-wasm32":
      optional: true
    "@img/sharp-win32-arm64":
      optional: true
    "@img/sharp-win32-ia32":
      optional: true
    "@img/sharp-win32-x64":
      optional: true
  checksum: 10c0/fd79e29df0597a7d5704b8461c51f944ead91a5243691697be6e8243b966402beda53ddc6f0a53b96ea3cb8221f0b244aa588114d3ebf8734fb4aefd41ab802f
  languageName: node
  linkType: hard

"source-map-js@npm:^1.0.2":
  version: 1.0.2
  resolution: "source-map-js@npm:1.0.2"
  checksum: 10c0/32f2dfd1e9b7168f9a9715eb1b4e21905850f3b50cf02cf476e47e4eebe8e6b762b63a64357896aa29b37e24922b4282df0f492e0d2ace572b43d15525976ff8
  languageName: node
  linkType: hard

"source-map-js@npm:^1.2.1":
  version: 1.2.1
  resolution: "source-map-js@npm:1.2.1"
  checksum: 10c0/7bda1fc4c197e3c6ff17de1b8b2c20e60af81b63a52cb32ec5a5d67a20a7d42651e2cb34ebe93833c5a2a084377e17455854fee3e21e7925c64a51b6a52b0faf
  languageName: node
  linkType: hard

"styled-jsx@npm:5.1.6":
  version: 5.1.6
  resolution: "styled-jsx@npm:5.1.6"
  dependencies:
    client-only: "npm:0.0.1"
  peerDependencies:
    react: ">= 16.8.0 || 17.x.x || ^18.0.0-0 || ^19.0.0-0"
  peerDependenciesMeta:
    "@babel/core":
      optional: true
    babel-plugin-macros:
      optional: true
  checksum: 10c0/ace50e7ea5ae5ae6a3b65a50994c51fca6ae7df9c7ecfd0104c36be0b4b3a9c5c1a2374d16e2a11e256d0b20be6d47256d768ecb4f91ab390f60752a075780f5
  languageName: node
  linkType: hard

"sugarss@npm:^5.0.0":
  version: 5.0.1
  resolution: "sugarss@npm:5.0.1"
  peerDependencies:
    postcss: ^8.3.3
  checksum: 10c0/479d0b194bdb731000a323a0addcd1ffe29e4b7a93eb5cbe3efc34f01beb4ef0397d448f3b654ba5afa4a0e526d6758bcce4f41713806cb6a5a9383982eda6c8
  languageName: node
  linkType: hard

"tabbable@npm:^6.0.0":
  version: 6.2.0
  resolution: "tabbable@npm:6.2.0"
  checksum: 10c0/ced8b38f05f2de62cd46836d77c2646c42b8c9713f5bd265daf0e78ff5ac73d3ba48a7ca45f348bafeef29b23da7187c72250742d37627883ef89cbd7fa76898
  languageName: node
  linkType: hard

"tagged-tag@npm:^1.0.0":
  version: 1.0.0
  resolution: "tagged-tag@npm:1.0.0"
  checksum: 10c0/91d25c9ffb86a91f20522cefb2cbec9b64caa1febe27ad0df52f08993ff60888022d771e868e6416cf2e72dab68449d2139e8709ba009b74c6c7ecd4000048d1
  languageName: node
  linkType: hard

"tinyglobby@npm:^0.2.14":
  version: 0.2.15
  resolution: "tinyglobby@npm:0.2.15"
  dependencies:
    fdir: "npm:^6.5.0"
    picomatch: "npm:^4.0.3"
  checksum: 10c0/869c31490d0d88eedb8305d178d4c75e7463e820df5a9b9d388291daf93e8b1eb5de1dad1c1e139767e4269fe75f3b10d5009b2cc14db96ff98986920a186844
  languageName: node
  linkType: hard

"tslib@npm:^2.0.0, tslib@npm:^2.1.0":
  version: 2.5.0
  resolution: "tslib@npm:2.5.0"
  checksum: 10c0/e32fc99cc730dd514e53c44e668d76016e738f0bcc726aad5dbd2d335cf19b87a95a9b1e4f0a9993e370f1d702b5e471cdd4acabcac428a3099d496b9af2021e
  languageName: node
  linkType: hard

"tslib@npm:^2.4.0":
  version: 2.4.0
  resolution: "tslib@npm:2.4.0"
  checksum: 10c0/eb19bda3ae545b03caea6a244b34593468e23d53b26bf8649fbc20fce43e9b21a71127fd6d2b9662c0fe48ee6ff668ead48fd00d3b88b2b716b1c12edae25b5d
  languageName: node
  linkType: hard

"tslib@npm:^2.8.0":
  version: 2.8.1
  resolution: "tslib@npm:2.8.1"
  checksum: 10c0/9c4759110a19c53f992d9aae23aac5ced636e99887b51b9e61def52611732872ff7668757d4e4c61f19691e36f4da981cd9485e869b4a7408d689f6bf1f14e62
  languageName: node
  linkType: hard

"type-fest@npm:^5.6.0":
  version: 5.6.0
  resolution: "type-fest@npm:5.6.0"
  dependencies:
    tagged-tag: "npm:^1.0.0"
  checksum: 10c0/5468a8ffda7f3904e6f7bbd8069eb8b6dd4bd9156e206df7a01d09a73e28cd1afedf74ead9d0fc12841c8c90074194859feca240511c50800962fde1bd9ddcbc
  languageName: node
  linkType: hard

"typescript@npm:6.0.2":
  version: 6.0.2
  resolution: "typescript@npm:6.0.2"
  bin:
    tsc: bin/tsc
    tsserver: bin/tsserver
  checksum: 10c0/4b860b0bf87cc0fee0f66d8ef2640b5a8a8a8c74d1129adb82e389e5f97124383823c47946bef8a73ede371461143a3aa8544399d2133c7b2e4f07e81860af7f
  languageName: node
  linkType: hard

"typescript@patch:typescript@npm%3A6.0.2#optional!builtin<compat/typescript>":
  version: 6.0.2
  resolution: "typescript@patch:typescript@npm%3A6.0.2#optional!builtin<compat/typescript>::version=6.0.2&hash=5786d5"
  bin:
    tsc: bin/tsc
    tsserver: bin/tsserver
  checksum: 10c0/49f0b84fc6ca55653e77752b8a61beabc09ee3dae5d965c31596225aa6ef213c5727b1d2e895b900416dc603854ba0872ac4a812c2a4ed6793a601f9c675de02
  languageName: node
  linkType: hard

"undici-types@npm:~7.10.0":
  version: 7.10.0
  resolution: "undici-types@npm:7.10.0"
  checksum: 10c0/8b00ce50e235fe3cc601307f148b5e8fb427092ee3b23e8118ec0a5d7f68eca8cee468c8fc9f15cbb2cf2a3797945ebceb1cbd9732306a1d00e0a9b6afa0f635
  languageName: node
  linkType: hard

"use-callback-ref@npm:^1.3.3":
  version: 1.3.3
  resolution: "use-callback-ref@npm:1.3.3"
  dependencies:
    tslib: "npm:^2.0.0"
  peerDependencies:
    "@types/react": "*"
    react: ^16.8.0 || ^17.0.0 || ^18.0.0 || ^19.0.0 || ^19.0.0-rc
  peerDependenciesMeta:
    "@types/react":
      optional: true
  checksum: 10c0/f887488c6e6075cdad4962979da1714b217bcb1ee009a9e57ce9a844bcfc4c3a99e93983dfc2e5af9e0913824d24e730090ff255e902c516dcb58d2d3837e01c
  languageName: node
  linkType: hard

"use-sidecar@npm:^1.1.3":
  version: 1.1.3
  resolution: "use-sidecar@npm:1.1.3"
  dependencies:
    detect-node-es: "npm:^1.1.0"
    tslib: "npm:^2.0.0"
  peerDependencies:
    "@types/react": "*"
    react: ^16.8.0 || ^17.0.0 || ^18.0.0 || ^19.0.0 || ^19.0.0-rc
  peerDependenciesMeta:
    "@types/react":
      optional: true
  checksum: 10c0/161599bf921cfaa41c85d2b01c871975ee99260f3e874c2d41c05890d41170297bdcf314bc5185e7a700de2034ac5b888e3efc8e9f35724f4918f53538d717c9
  languageName: node
  linkType: hard

"util-deprecate@npm:^1.0.2":
  version: 1.0.2
  resolution: "util-deprecate@npm:1.0.2"
  checksum: 10c0/41a5bdd214df2f6c3ecf8622745e4a366c4adced864bc3c833739791aeeeb1838119af7daed4ba36428114b5c67dcda034a79c882e97e43c03e66a4dd7389942
  languageName: node
  linkType: hard
